
Microsoft Visual Studio Solution File, Format Version 12.00
# Visual Studio Version 17
VisualStudioVersion = 17.0.32014.148
MinimumVisualStudioVersion = 10.0.40219.1
Project("{9A19103F-16F7-4668-BE54-9A1E7A4F7556}") = "City Rp3", "City Rp3\City Rp3.csproj", "{8FDEAAF1-94C4-4821-AD48-F88D95D77EA7}"
EndProject
Global
	GlobalSection(SolutionConfigurationPlatforms) = preSolution
		Debug|Any CPU = Debug|Any CPU
		Debug|x64 = Debug|x64
		Release|Any CPU = Release|Any CPU
		Release|x64 = Release|x64
	EndGlobalSection
	GlobalSection(ProjectConfigurationPlatforms) = postSolution
		{8FDEAAF1-94C4-4821-AD48-F88D95D77EA7}.Debug|Any CPU.ActiveCfg = Debug|Any CPU
		{8FDEAAF1-94C4-4821-AD48-F88D95D77EA7}.Debug|Any CPU.Build.0 = Debug|Any CPU
		{8FDEAAF1-94C4-4821-AD48-F88D95D77EA7}.Debug|x64.ActiveCfg = Debug|x64
		{8FDEAAF1-94C4-4821-AD48-F88D95D77EA7}.Debug|x64.Build.0 = Debug|x64
		{8FDEAAF1-94C4-4821-AD48-F88D95D77EA7}.Release|Any CPU.ActiveCfg = Release|Any CPU
		{8FDEAAF1-94C4-4821-AD48-F88D95D77EA7}.Release|Any CPU.Build.0 = Release|Any CPU
		{8FDEAAF1-94C4-4821-AD48-F88D95D77EA7}.Release|x64.ActiveCfg = Release|x64
		{8FDEAAF1-94C4-4821-AD48-F88D95D77EA7}.Release|x64.Build.0 = Release|x64
	EndGlobalSection
	GlobalSection(SolutionProperties) = preSolution
		HideSolutionNode = FALSE
	EndGlobalSection
	GlobalSection(ExtensibilityGlobals) = postSolution
		SolutionGuid = {42FD7B3F-3ADF-4EF6-99A5-B2C55E4174FE}
	EndGlobalSection
EndGlobal
